// !$*UTF8*$!
{
	archiveVersion = 1;
	classes = {
	};
	objectVersion = 55;
	objects = {

/* Begin PBXBuildFile section */
		001DEFEF28F3DBD800B9A6EA /* TPartyApp.swift in Sources */ = {isa = PBXBuildFile; fileRef = 001DEFEE28F3DBD800B9A6EA /* TPartyApp.swift */; };
		001DEFF328F3DBDB00B9A6EA /* Assets.xcassets in Resources */ = {isa = PBXBuildFile; fileRef = 001DEFF228F3DBDB00B9A6EA /* Assets.xcassets */; };
		001DEFF628F3DBDB00B9A6EA /* Preview Assets.xcassets in Resources */ = {isa = PBXBuildFile; fileRef = 001DEFF528F3DBDB00B9A6EA /* Preview Assets.xcassets */; };
		002DC677298EF09F00B0FFAA /* Stops.swift in Sources */ = {isa = PBXBuildFile; fileRef = 002DC676298EF09F00B0FFAA /* Stops.swift */; };
		002DC679298F0C7300B0FFAA /* Stop.swift in Sources */ = {isa = PBXBuildFile; fileRef = 002DC678298F0C7300B0FFAA /* Stop.swift */; };
		0075407829185BD300D49C55 /* Util.swift in Sources */ = {isa = PBXBuildFile; fileRef = 0075407729185BD300D49C55 /* Util.swift */; };
		00964F1F28F9E905006523CF /* Api.swift in Sources */ = {isa = PBXBuildFile; fileRef = 00964F1E28F9E905006523CF /* Api.swift */; };
		00964F2228F9EE1C006523CF /* JSONAPI in Frameworks */ = {isa = PBXBuildFile; productRef = 00964F2128F9EE1C006523CF /* JSONAPI */; };
		00964F242900FD80006523CF /* NearbyView.swift in Sources */ = {isa = PBXBuildFile; fileRef = 00964F232900FD80006523CF /* NearbyView.swift */; };
		00964F262904ED38006523CF /* StopItemView.swift in Sources */ = {isa = PBXBuildFile; fileRef = 00964F252904ED38006523CF /* StopItemView.swift */; };
		00964F2A2906419E006523CF /* LiveSchedule.swift in Sources */ = {isa = PBXBuildFile; fileRef = 00964F292906419E006523CF /* LiveSchedule.swift */; };
		00B5F41F28F9E605007F5E46 /* SingleListItemView.swift in Sources */ = {isa = PBXBuildFile; fileRef = 00B5F41C28F9E605007F5E46 /* SingleListItemView.swift */; };
		00B5F42028F9E605007F5E46 /* ScheduleDetailView.swift in Sources */ = {isa = PBXBuildFile; fileRef = 00B5F41D28F9E605007F5E46 /* ScheduleDetailView.swift */; };
		00B5F42128F9E605007F5E46 /* ScheduleListView.swift in Sources */ = {isa = PBXBuildFile; fileRef = 00B5F41E28F9E605007F5E46 /* ScheduleListView.swift */; };
		00B5F42328F9E677007F5E46 /* ContentView.swift in Sources */ = {isa = PBXBuildFile; fileRef = 00B5F42228F9E677007F5E46 /* ContentView.swift */; };
		1366811B28FA370600511925 /* ScheduleItemView.swift in Sources */ = {isa = PBXBuildFile; fileRef = 1366811A28FA370600511925 /* ScheduleItemView.swift */; };
		1366811D2902055C00511925 /* LocationManager.swift in Sources */ = {isa = PBXBuildFile; fileRef = 1366811C2902055C00511925 /* LocationManager.swift */; };
		1366811F2902067500511925 /* MapView.swift in Sources */ = {isa = PBXBuildFile; fileRef = 1366811E2902067500511925 /* MapView.swift */; };
		13668121290207A100511925 /* Stoptions.swift in Sources */ = {isa = PBXBuildFile; fileRef = 13668120290207A100511925 /* Stoptions.swift */; };
		1386BFCC28F7948500063C51 /* ListData.swift in Sources */ = {isa = PBXBuildFile; fileRef = 1386BFCB28F7948500063C51 /* ListData.swift */; };
		FD0F764B29A2FF3900AC5FC6 /* AnnotationList.swift in Sources */ = {isa = PBXBuildFile; fileRef = FD0F764A29A2FF3900AC5FC6 /* AnnotationList.swift */; };
		FD38DD2429A13F8000B015B4 /* MapPopUpView.swift in Sources */ = {isa = PBXBuildFile; fileRef = FD38DD2329A13F8000B015B4 /* MapPopUpView.swift */; };
/* End PBXBuildFile section */

/* Begin PBXFileReference section */
		001DEFEB28F3DBD800B9A6EA /* T-Party.app */ = {isa = PBXFileReference; explicitFileType = wrapper.application; includeInIndex = 0; path = "T-Party.app"; sourceTree = BUILT_PRODUCTS_DIR; };
		001DEFEE28F3DBD800B9A6EA /* TPartyApp.swift */ = {isa = PBXFileReference; lastKnownFileType = sourcecode.swift; path = TPartyApp.swift; sourceTree = "<group>"; };
		001DEFF228F3DBDB00B9A6EA /* Assets.xcassets */ = {isa = PBXFileReference; lastKnownFileType = folder.assetcatalog; path = Assets.xcassets; sourceTree = "<group>"; };
		001DEFF528F3DBDB00B9A6EA /* Preview Assets.xcassets */ = {isa = PBXFileReference; lastKnownFileType = folder.assetcatalog; path = "Preview Assets.xcassets"; sourceTree = "<group>"; };
		002DC676298EF09F00B0FFAA /* Stops.swift */ = {isa = PBXFileReference; lastKnownFileType = sourcecode.swift; path = Stops.swift; sourceTree = "<group>"; };
		002DC678298F0C7300B0FFAA /* Stop.swift */ = {isa = PBXFileReference; lastKnownFileType = sourcecode.swift; path = Stop.swift; sourceTree = "<group>"; };
		0075407729185BD300D49C55 /* Util.swift */ = {isa = PBXFileReference; lastKnownFileType = sourcecode.swift; path = Util.swift; sourceTree = "<group>"; };
		00964F1E28F9E905006523CF /* Api.swift */ = {isa = PBXFileReference; lastKnownFileType = sourcecode.swift; path = Api.swift; sourceTree = "<group>"; };
		00964F232900FD80006523CF /* NearbyView.swift */ = {isa = PBXFileReference; lastKnownFileType = sourcecode.swift; path = NearbyView.swift; sourceTree = "<group>"; };
		00964F252904ED38006523CF /* StopItemView.swift */ = {isa = PBXFileReference; lastKnownFileType = sourcecode.swift; path = StopItemView.swift; sourceTree = "<group>"; };
		00964F292906419E006523CF /* LiveSchedule.swift */ = {isa = PBXFileReference; lastKnownFileType = sourcecode.swift; path = LiveSchedule.swift; sourceTree = "<group>"; };
		00B5F41C28F9E605007F5E46 /* SingleListItemView.swift */ = {isa = PBXFileReference; fileEncoding = 4; lastKnownFileType = sourcecode.swift; path = SingleListItemView.swift; sourceTree = "<group>"; };
		00B5F41D28F9E605007F5E46 /* ScheduleDetailView.swift */ = {isa = PBXFileReference; fileEncoding = 4; lastKnownFileType = sourcecode.swift; path = ScheduleDetailView.swift; sourceTree = "<group>"; };
		00B5F41E28F9E605007F5E46 /* ScheduleListView.swift */ = {isa = PBXFileReference; fileEncoding = 4; lastKnownFileType = sourcecode.swift; path = ScheduleListView.swift; sourceTree = "<group>"; };
		00B5F42228F9E677007F5E46 /* ContentView.swift */ = {isa = PBXFileReference; fileEncoding = 4; lastKnownFileType = sourcecode.swift; path = ContentView.swift; sourceTree = "<group>"; };
		1366811A28FA370600511925 /* ScheduleItemView.swift */ = {isa = PBXFileReference; lastKnownFileType = sourcecode.swift; path = ScheduleItemView.swift; sourceTree = "<group>"; };
		1366811C2902055C00511925 /* LocationManager.swift */ = {isa = PBXFileReference; lastKnownFileType = sourcecode.swift; path = LocationManager.swift; sourceTree = "<group>"; };
		1366811E2902067500511925 /* MapView.swift */ = {isa = PBXFileReference; lastKnownFileType = sourcecode.swift; path = MapView.swift; sourceTree = "<group>"; };
		13668120290207A100511925 /* Stoptions.swift */ = {isa = PBXFileReference; lastKnownFileType = sourcecode.swift; path = Stoptions.swift; sourceTree = "<group>"; };
		1386BFCB28F7948500063C51 /* ListData.swift */ = {isa = PBXFileReference; lastKnownFileType = sourcecode.swift; path = ListData.swift; sourceTree = "<group>"; };
		FD0F764A29A2FF3900AC5FC6 /* AnnotationList.swift */ = {isa = PBXFileReference; lastKnownFileType = sourcecode.swift; path = AnnotationList.swift; sourceTree = "<group>"; };
		FD38DD2329A13F8000B015B4 /* MapPopUpView.swift */ = {isa = PBXFileReference; lastKnownFileType = sourcecode.swift; path = MapPopUpView.swift; sourceTree = "<group>"; };
		FD82743B2974D07F00537E3B /* Info.plist */ = {isa = PBXFileReference; lastKnownFileType = text.plist; path = Info.plist; sourceTree = "<group>"; };
/* End PBXFileReference section */

/* Begin PBXFrameworksBuildPhase section */
		001DEFE828F3DBD800B9A6EA /* Frameworks */ = {
			isa = PBXFrameworksBuildPhase;
			buildActionMask = 2147483647;
			files = (
				00964F2228F9EE1C006523CF /* JSONAPI in Frameworks */,
			);
			runOnlyForDeploymentPostprocessing = 0;
		};
/* End PBXFrameworksBuildPhase section */

/* Begin PBXGroup section */
		001DEFE228F3DBD800B9A6EA = {
			isa = PBXGroup;
			children = (
				001DEFED28F3DBD800B9A6EA /* T-Party */,
				001DEFEC28F3DBD800B9A6EA /* Products */,
			);
			sourceTree = "<group>";
		};
		001DEFEC28F3DBD800B9A6EA /* Products */ = {
			isa = PBXGroup;
			children = (
				001DEFEB28F3DBD800B9A6EA /* T-Party.app */,
			);
			name = Products;
			sourceTree = "<group>";
		};
		001DEFED28F3DBD800B9A6EA /* T-Party */ = {
			isa = PBXGroup;
			children = (
				FD82743B2974D07F00537E3B /* Info.plist */,
				00B5F41B28F9E605007F5E46 /* Views */,
				00B5F40C28F7BB62007F5E46 /* Models */,
				001DEFEE28F3DBD800B9A6EA /* TPartyApp.swift */,
				001DEFF228F3DBDB00B9A6EA /* Assets.xcassets */,
				001DEFF428F3DBDB00B9A6EA /* Preview Content */,
				00964F1E28F9E905006523CF /* Api.swift */,
				0075407729185BD300D49C55 /* Util.swift */,
			);
			path = "T-Party";
			sourceTree = "<group>";
		};
		001DEFF428F3DBDB00B9A6EA /* Preview Content */ = {
			isa = PBXGroup;
			children = (
				001DEFF528F3DBDB00B9A6EA /* Preview Assets.xcassets */,
			);
			path = "Preview Content";
			sourceTree = "<group>";
		};
		00B5F40C28F7BB62007F5E46 /* Models */ = {
			isa = PBXGroup;
			children = (
				1386BFCB28F7948500063C51 /* ListData.swift */,
				FD0F764A29A2FF3900AC5FC6 /* AnnotationList.swift */,
				1366811C2902055C00511925 /* LocationManager.swift */,
				13668120290207A100511925 /* Stoptions.swift */,
				00964F292906419E006523CF /* LiveSchedule.swift */,
				002DC676298EF09F00B0FFAA /* Stops.swift */,
				002DC678298F0C7300B0FFAA /* Stop.swift */,
			);
			path = Models;
			sourceTree = "<group>";
		};
		00B5F41B28F9E605007F5E46 /* Views */ = {
			isa = PBXGroup;
			children = (
				00B5F41C28F9E605007F5E46 /* SingleListItemView.swift */,
				1366811A28FA370600511925 /* ScheduleItemView.swift */,
				00B5F41D28F9E605007F5E46 /* ScheduleDetailView.swift */,
				FD38DD2329A13F8000B015B4 /* MapPopUpView.swift */,
				1366811E2902067500511925 /* MapView.swift */,
				00B5F41E28F9E605007F5E46 /* ScheduleListView.swift */,
				00B5F42228F9E677007F5E46 /* ContentView.swift */,
				00964F232900FD80006523CF /* NearbyView.swift */,
				00964F252904ED38006523CF /* StopItemView.swift */,
			);
			path = Views;
			sourceTree = "<group>";
		};
/* End PBXGroup section */

/* Begin PBXNativeTarget section */
		001DEFEA28F3DBD800B9A6EA /* T-Party */ = {
			isa = PBXNativeTarget;
			buildConfigurationList = 001DEFF928F3DBDB00B9A6EA /* Build configuration list for PBXNativeTarget "T-Party" */;
			buildPhases = (
				001DEFE728F3DBD800B9A6EA /* Sources */,
				001DEFE828F3DBD800B9A6EA /* Frameworks */,
				001DEFE928F3DBD800B9A6EA /* Resources */,
			);
			buildRules = (
			);
			dependencies = (
			);
			name = "T-Party";
			packageProductDependencies = (
				00964F2128F9EE1C006523CF /* JSONAPI */,
			);
			productName = "T-Party";
			productReference = 001DEFEB28F3DBD800B9A6EA /* T-Party.app */;
			productType = "com.apple.product-type.application";
		};
/* End PBXNativeTarget section */

/* Begin PBXProject section */
		001DEFE328F3DBD800B9A6EA /* Project object */ = {
			isa = PBXProject;
			attributes = {
				BuildIndependentTargetsInParallel = 1;
				LastSwiftUpdateCheck = 1340;
				LastUpgradeCheck = 1340;
				TargetAttributes = {
					001DEFEA28F3DBD800B9A6EA = {
						CreatedOnToolsVersion = 13.4.1;
					};
				};
			};
			buildConfigurationList = 001DEFE628F3DBD800B9A6EA /* Build configuration list for PBXProject "T-Party" */;
			compatibilityVersion = "Xcode 13.0";
			developmentRegion = en;
			hasScannedForEncodings = 0;
			knownRegions = (
				en,
				Base,
			);
			mainGroup = 001DEFE228F3DBD800B9A6EA;
			packageReferences = (
				00964F2028F9EE1C006523CF /* XCRemoteSwiftPackageReference "JSONAPI" */,
			);
			productRefGroup = 001DEFEC28F3DBD800B9A6EA /* Products */;
			projectDirPath = "";
			projectRoot = "";
			targets = (
				001DEFEA28F3DBD800B9A6EA /* T-Party */,
			);
		};
/* End PBXProject section */

/* Begin PBXResourcesBuildPhase section */
		001DEFE928F3DBD800B9A6EA /* Resources */ = {
			isa = PBXResourcesBuildPhase;
			buildActionMask = 2147483647;
			files = (
				001DEFF628F3DBDB00B9A6EA /* Preview Assets.xcassets in Resources */,
				001DEFF328F3DBDB00B9A6EA /* Assets.xcassets in Resources */,
			);
			runOnlyForDeploymentPostprocessing = 0;
		};
/* End PBXResourcesBuildPhase section */

/* Begin PBXSourcesBuildPhase section */
		001DEFE728F3DBD800B9A6EA /* Sources */ = {
			isa = PBXSourcesBuildPhase;
			buildActionMask = 2147483647;
			files = (
				00964F2A2906419E006523CF /* LiveSchedule.swift in Sources */,
				002DC679298F0C7300B0FFAA /* Stop.swift in Sources */,
				00B5F42028F9E605007F5E46 /* ScheduleDetailView.swift in Sources */,
				1366811F2902067500511925 /* MapView.swift in Sources */,
				00964F242900FD80006523CF /* NearbyView.swift in Sources */,
				1366811D2902055C00511925 /* LocationManager.swift in Sources */,
				00B5F42328F9E677007F5E46 /* ContentView.swift in Sources */,
				001DEFEF28F3DBD800B9A6EA /* TPartyApp.swift in Sources */,
				0075407829185BD300D49C55 /* Util.swift in Sources */,
				1366811B28FA370600511925 /* ScheduleItemView.swift in Sources */,
				00B5F42128F9E605007F5E46 /* ScheduleListView.swift in Sources */,
				1386BFCC28F7948500063C51 /* ListData.swift in Sources */,
				FD38DD2429A13F8000B015B4 /* MapPopUpView.swift in Sources */,
				FD0F764B29A2FF3900AC5FC6 /* AnnotationList.swift in Sources */,
				00964F1F28F9E905006523CF /* Api.swift in Sources */,
				00964F262904ED38006523CF /* StopItemView.swift in Sources */,
				13668121290207A100511925 /* Stoptions.swift in Sources */,
				00B5F41F28F9E605007F5E46 /* SingleListItemView.swift in Sources */,
				002DC677298EF09F00B0FFAA /* Stops.swift in Sources */,
			);
			runOnlyForDeploymentPostprocessing = 0;
		};
/* End PBXSourcesBuildPhase section */

/* Begin XCBuildConfiguration section */
		001DEFF728F3DBDB00B9A6EA /* Debug */ = {
			isa = XCBuildConfiguration;
			buildSettings = {
				ALWAYS_SEARCH_USER_PATHS = NO;
				CLANG_ANALYZER_NONNULL = YES;
				CLANG_ANALYZER_NUMBER_OBJECT_CONVERSION = YES_AGGRESSIVE;
				CLANG_CXX_LANGUAGE_STANDARD = "gnu++17";
				CLANG_ENABLE_MODULES = YES;
				CLANG_ENABLE_OBJC_ARC = YES;
				CLANG_ENABLE_OBJC_WEAK = YES;
				CLANG_WARN_BLOCK_CAPTURE_AUTORELEASING = YES;
				CLANG_WARN_BOOL_CONVERSION = YES;
				CLANG_WARN_COMMA = YES;
				CLANG_WARN_CONSTANT_CONVERSION = YES;
				CLANG_WARN_DEPRECATED_OBJC_IMPLEMENTATIONS = YES;
				CLANG_WARN_DIRECT_OBJC_ISA_USAGE = YES_ERROR;
				CLANG_WARN_DOCUMENTATION_COMMENTS = YES;
				CLANG_WARN_EMPTY_BODY = YES;
				CLANG_WARN_ENUM_CONVERSION = YES;
				CLANG_WARN_INFINITE_RECURSION = YES;
				CLANG_WARN_INT_CONVERSION = YES;
				CLANG_WARN_NON_LITERAL_NULL_CONVERSION = YES;
				CLANG_WARN_OBJC_IMPLICIT_RETAIN_SELF = YES;
				CLANG_WARN_OBJC_LITERAL_CONVERSION = YES;
				CLANG_WARN_OBJC_ROOT_CLASS = YES_ERROR;
				CLANG_WARN_QUOTED_INCLUDE_IN_FRAMEWORK_HEADER = YES;
				CLANG_WARN_RANGE_LOOP_ANALYSIS = YES;
				CLANG_WARN_STRICT_PROTOTYPES = YES;
				CLANG_WARN_SUSPICIOUS_MOVE = YES;
				CLANG_WARN_UNGUARDED_AVAILABILITY = YES_AGGRESSIVE;
				CLANG_WARN_UNREACHABLE_CODE = YES;
				CLANG_WARN__DUPLICATE_METHOD_MATCH = YES;
				COPY_PHASE_STRIP = NO;
				DEBUG_INFORMATION_FORMAT = dwarf;
				ENABLE_STRICT_OBJC_MSGSEND = YES;
				ENABLE_TESTABILITY = YES;
				GCC_C_LANGUAGE_STANDARD = gnu11;
				GCC_DYNAMIC_NO_PIC = NO;
				GCC_NO_COMMON_BLOCKS = YES;
				GCC_OPTIMIZATION_LEVEL = 0;
				GCC_PREPROCESSOR_DEFINITIONS = (
					"DEBUG=1",
					"$(inherited)",
				);
				GCC_WARN_64_TO_32_BIT_CONVERSION = YES;
				GCC_WARN_ABOUT_RETURN_TYPE = YES_ERROR;
				GCC_WARN_UNDECLARED_SELECTOR = YES;
				GCC_WARN_UNINITIALIZED_AUTOS = YES_AGGRESSIVE;
				GCC_WARN_UNUSED_FUNCTION = YES;
				GCC_WARN_UNUSED_VARIABLE = YES;
				IPHONEOS_DEPLOYMENT_TARGET = 15.5;
				MTL_ENABLE_DEBUG_INFO = INCLUDE_SOURCE;
				MTL_FAST_MATH = YES;
				ONLY_ACTIVE_ARCH = YES;
				SDKROOT = iphoneos;
				SWIFT_ACTIVE_COMPILATION_CONDITIONS = DEBUG;
				SWIFT_OPTIMIZATION_LEVEL = "-Onone";
			};
			name = Debug;
		};
		001DEFF828F3DBDB00B9A6EA /* Release */ = {
			isa = XCBuildConfiguration;
			buildSettings = {
				ALWAYS_SEARCH_USER_PATHS = NO;
				CLANG_ANALYZER_NONNULL = YES;
				CLANG_ANALYZER_NUMBER_OBJECT_CONVERSION = YES_AGGRESSIVE;
				CLANG_CXX_LANGUAGE_STANDARD = "gnu++17";
				CLANG_ENABLE_MODULES = YES;
				CLANG_ENABLE_OBJC_ARC = YES;
				CLANG_ENABLE_OBJC_WEAK = YES;
				CLANG_WARN_BLOCK_CAPTURE_AUTORELEASING = YES;
				CLANG_WARN_BOOL_CONVERSION = YES;
				CLANG_WARN_COMMA = YES;
				CLANG_WARN_CONSTANT_CONVERSION = YES;
				CLANG_WARN_DEPRECATED_OBJC_IMPLEMENTATIONS = YES;
				CLANG_WARN_DIRECT_OBJC_ISA_USAGE = YES_ERROR;
				CLANG_WARN_DOCUMENTATION_COMMENTS = YES;
				CLANG_WARN_EMPTY_BODY = YES;
				CLANG_WARN_ENUM_CONVERSION = YES;
				CLANG_WARN_INFINITE_RECURSION = YES;
				CLANG_WARN_INT_CONVERSION = YES;
				CLANG_WARN_NON_LITERAL_NULL_CONVERSION = YES;
				CLANG_WARN_OBJC_IMPLICIT_RETAIN_SELF = YES;
				CLANG_WARN_OBJC_LITERAL_CONVERSION = YES;
				CLANG_WARN_OBJC_ROOT_CLASS = YES_ERROR;
				CLANG_WARN_QUOTED_INCLUDE_IN_FRAMEWORK_HEADER = YES;
				CLANG_WARN_RANGE_LOOP_ANALYSIS = YES;
				CLANG_WARN_STRICT_PROTOTYPES = YES;
				CLANG_WARN_SUSPICIOUS_MOVE = YES;
				CLANG_WARN_UNGUARDED_AVAILABILITY = YES_AGGRESSIVE;
				CLANG_WARN_UNREACHABLE_CODE = YES;
				CLANG_WARN__DUPLICATE_METHOD_MATCH = YES;
				COPY_PHASE_STRIP = NO;
				DEBUG_INFORMATION_FORMAT = "dwarf-with-dsym";
				ENABLE_NS_ASSERTIONS = NO;
				ENABLE_STRICT_OBJC_MSGSEND = YES;
				GCC_C_LANGUAGE_STANDARD = gnu11;
				GCC_NO_COMMON_BLOCKS = YES;
				GCC_WARN_64_TO_32_BIT_CONVERSION = YES;
				GCC_WARN_ABOUT_RETURN_TYPE = YES_ERROR;
				GCC_WARN_UNDECLARED_SELECTOR = YES;
				GCC_WARN_UNINITIALIZED_AUTOS = YES_AGGRESSIVE;
				GCC_WARN_UNUSED_FUNCTION = YES;
				GCC_WARN_UNUSED_VARIABLE = YES;
				IPHONEOS_DEPLOYMENT_TARGET = 15.5;
				MTL_ENABLE_DEBUG_INFO = NO;
				MTL_FAST_MATH = YES;
				SDKROOT = iphoneos;
				SWIFT_COMPILATION_MODE = wholemodule;
				SWIFT_OPTIMIZATION_LEVEL = "-O";
				VALIDATE_PRODUCT = YES;
			};
			name = Release;
		};
		001DEFFA28F3DBDB00B9A6EA /* Debug */ = {
			isa = XCBuildConfiguration;
			buildSettings = {
				ASSETCATALOG_COMPILER_APPICON_NAME = AppIcon;
				ASSETCATALOG_COMPILER_GLOBAL_ACCENT_COLOR_NAME = AccentColor;
				CODE_SIGN_STYLE = Automatic;
				CURRENT_PROJECT_VERSION = 1;
				DEVELOPMENT_ASSET_PATHS = "\"T-Party/Preview Content\"";
				DEVELOPMENT_TEAM = GPQ9QH5YRX;
				ENABLE_PREVIEWS = YES;
				GENERATE_INFOPLIST_FILE = YES;
				INFOPLIST_FILE = "T-Party/Info.plist";
				INFOPLIST_KEY_NSLocationAlwaysAndWhenInUseUsageDescription = YES;
				INFOPLIST_KEY_NSLocationAlwaysUsageDescription = lol;
				INFOPLIST_KEY_NSLocationWhenInUseUsageDescription = "uwu let me see u pls";
				INFOPLIST_KEY_UIApplicationSceneManifest_Generation = YES;
				INFOPLIST_KEY_UIApplicationSupportsIndirectInputEvents = YES;
				INFOPLIST_KEY_UILaunchScreen_Generation = YES;
				INFOPLIST_KEY_UISupportedInterfaceOrientations_iPad = "UIInterfaceOrientationPortrait UIInterfaceOrientationPortraitUpsideDown UIInterfaceOrientationLandscapeLeft UIInterfaceOrientationLandscapeRight";
				INFOPLIST_KEY_UISupportedInterfaceOrientations_iPhone = "UIInterfaceOrientationPortrait UIInterfaceOrientationLandscapeLeft UIInterfaceOrientationLandscapeRight";
				LD_RUNPATH_SEARCH_PATHS = (
					"$(inherited)",
					"@executable_path/Frameworks",
				);
				MARKETING_VERSION = 1.0;
				PRODUCT_BUNDLE_IDENTIFIER = "com.SuG4r33-Coding.T-Party";
				PRODUCT_NAME = "$(TARGET_NAME)";
				SWIFT_EMIT_LOC_STRINGS = YES;
				SWIFT_VERSION = 5.0;
				TARGETED_DEVICE_FAMILY = "1,2";
			};
			name = Debug;
		};
		001DEFFB28F3DBDB00B9A6EA /* Release */ = {
			isa = XCBuildConfiguration;
			buildSettings = {
				ASSETCATALOG_COMPILER_APPICON_NAME = AppIcon;
				ASSETCATALOG_COMPILER_GLOBAL_ACCENT_COLOR_NAME = AccentColor;
				CODE_SIGN_STYLE = Automatic;
				CURRENT_PROJECT_VERSION = 1;
				DEVELOPMENT_ASSET_PATHS = "\"T-Party/Preview Content\"";
				DEVELOPMENT_TEAM = GPQ9QH5YRX;
				ENABLE_PREVIEWS = YES;
				GENERATE_INFOPLIST_FILE = YES;
				INFOPLIST_FILE = "T-Party/Info.plist";
				INFOPLIST_KEY_NSLocationAlwaysAndWhenInUseUsageDescription = YES;
				INFOPLIST_KEY_NSLocationAlwaysUsageDescription = lol;
				INFOPLIST_KEY_NSLocationWhenInUseUsageDescription = "uwu let me see u pls";
				INFOPLIST_KEY_UIApplicationSceneManifest_Generation = YES;
				INFOPLIST_KEY_UIApplicationSupportsIndirectInputEvents = YES;
				INFOPLIST_KEY_UILaunchScreen_Generation = YES;
				INFOPLIST_KEY_UISupportedInterfaceOrientations_iPad = "UIInterfaceOrientationPortrait UIInterfaceOrientationPortraitUpsideDown UIInterfaceOrientationLandscapeLeft UIInterfaceOrientationLandscapeRight";
				INFOPLIST_KEY_UISupportedInterfaceOrientations_iPhone = "UIInterfaceOrientationPortrait UIInterfaceOrientationLandscapeLeft UIInterfaceOrientationLandscapeRight";
				LD_RUNPATH_SEARCH_PATHS = (
					"$(inherited)",
					"@executable_path/Frameworks",
				);
				MARKETING_VERSION = 1.0;
				PRODUCT_BUNDLE_IDENTIFIER = "com.SuG4r33-Coding.T-Party";
				PRODUCT_NAME = "$(TARGET_NAME)";
				SWIFT_EMIT_LOC_STRINGS = YES;
				SWIFT_VERSION = 5.0;
				TARGETED_DEVICE_FAMILY = "1,2";
			};
			name = Release;
		};
/* End XCBuildConfiguration section */

/* Begin XCConfigurationList section */
		001DEFE628F3DBD800B9A6EA /* Build configuration list for PBXProject "T-Party" */ = {
			isa = XCConfigurationList;
			buildConfigurations = (
				001DEFF728F3DBDB00B9A6EA /* Debug */,
				001DEFF828F3DBDB00B9A6EA /* Release */,
			);
			defaultConfigurationIsVisible = 0;
			defaultConfigurationName = Release;
		};
		001DEFF928F3DBDB00B9A6EA /* Build configuration list for PBXNativeTarget "T-Party" */ = {
			isa = XCConfigurationList;
			buildConfigurations = (
				001DEFFA28F3DBDB00B9A6EA /* Debug */,
				001DEFFB28F3DBDB00B9A6EA /* Release */,
			);
			defaultConfigurationIsVisible = 0;
			defaultConfigurationName = Release;
		};
/* End XCConfigurationList section */

/* Begin XCRemoteSwiftPackageReference section */
		00964F2028F9EE1C006523CF /* XCRemoteSwiftPackageReference "JSONAPI" */ = {
			isa = XCRemoteSwiftPackageReference;
			repositoryURL = "https://github.com/mattpolzin/JSONAPI.git";
			requirement = {
				kind = upToNextMajorVersion;
				minimumVersion = 5.1.0;
			};
		};
/* End XCRemoteSwiftPackageReference section */

/* Begin XCSwiftPackageProductDependency section */
		00964F2128F9EE1C006523CF /* JSONAPI */ = {
			isa = XCSwiftPackageProductDependency;
			package = 00964F2028F9EE1C006523CF /* XCRemoteSwiftPackageReference "JSONAPI" */;
			productName = JSONAPI;
		};
/* End XCSwiftPackageProductDependency section */
	};
	rootObject = 001DEFE328F3DBD800B9A6EA /* Project object */;
}
